
Microsoft Visual Studio Solution File, Format Version 12.00
# Visual Studio Version 16
VisualStudioVersion = 16.0.30011.19
MinimumVisualStudioVersion = 10.0.40219.1
Project("{FAE04EC0-301F-11D3-BF4B-00C04F79EFBC}") = "ContactApp", "ContactApp\ContactApp.csproj", "{CDC95081-6AB7-44FC-93B6-37A802D9AD19}"
EndProject
Project("{FAE04EC0-301F-11D3-BF4B-00C04F79EFBC}") = "ContactDB", "ContactDB\ContactDB.csproj", "{540D5EA7-83BE-46C1-9762-CF2E2AD964B9}"
EndProject
Project("{FAE04EC0-301F-11D3-BF4B-00C04F79EFBC}") = "ContactRepository", "ContactRepository\ContactRepository.csproj", "{2A94FA89-5785-42C4-B23E-82B1A857AD01}"
EndProject
Global
	GlobalSection(SolutionConfigurationPlatforms) = preSolution
		Debug|Any CPU = Debug|Any CPU
		Release|Any CPU = Release|Any CPU
	EndGlobalSection
	GlobalSection(ProjectConfigurationPlatforms) = postSolution
		{CDC95081-6AB7-44FC-93B6-37A802D9AD19}.Debug|Any CPU.ActiveCfg = Debug|Any CPU
		{CDC95081-6AB7-44FC-93B6-37A802D9AD19}.Debug|Any CPU.Build.0 = Debug|Any CPU
		{CDC95081-6AB7-44FC-93B6-37A802D9AD19}.Release|Any CPU.ActiveCfg = Release|Any CPU
		{CDC95081-6AB7-44FC-93B6-37A802D9AD19}.Release|Any CPU.Build.0 = Release|Any CPU
		{540D5EA7-83BE-46C1-9762-CF2E2AD964B9}.Debug|Any CPU.ActiveCfg = Debug|Any CPU
		{540D5EA7-83BE-46C1-9762-CF2E2AD964B9}.Debug|Any CPU.Build.0 = Debug|Any CPU
		{540D5EA7-83BE-46C1-9762-CF2E2AD964B9}.Release|Any CPU.ActiveCfg = Release|Any CPU
		{540D5EA7-83BE-46C1-9762-CF2E2AD964B9}.Release|Any CPU.Build.0 = Release|Any CPU
		{2A94FA89-5785-42C4-B23E-82B1A857AD01}.Debug|Any CPU.ActiveCfg = Debug|Any CPU
		{2A94FA89-5785-42C4-B23E-82B1A857AD01}.Debug|Any CPU.Build.0 = Debug|Any CPU
		{2A94FA89-5785-42C4-B23E-82B1A857AD01}.Release|Any CPU.ActiveCfg = Release|Any CPU
		{2A94FA89-5785-42C4-B23E-82B1A857AD01}.Release|Any CPU.Build.0 = Release|Any CPU
	EndGlobalSection
	GlobalSection(SolutionProperties) = preSolution
		HideSolutionNode = FALSE
	EndGlobalSection
	GlobalSection(ExtensibilityGlobals) = postSolution
		SolutionGuid = {5494F9A2-F438-47C7-9C66-A7ADC38E462A}
	EndGlobalSection
EndGlobal
