
Microsoft Visual Studio Solution File, Format Version 12.00
# Visual Studio Version 16
VisualStudioVersion = 16.0.30011.19
MinimumVisualStudioVersion = 10.0.40219.1
Project("{FAE04EC0-301F-11D3-BF4B-00C04F79EFBC}") = "CEby_Homework5", "CEby_Homework5.csproj", "{AF9D6C11-3BBE-406C-ACB5-AFFFD32D2C6A}"
EndProject
Global
	GlobalSection(SolutionConfigurationPlatforms) = preSolution
		Debug|Any CPU = Debug|Any CPU
		Release|Any CPU = Release|Any CPU
	EndGlobalSection
	GlobalSection(ProjectConfigurationPlatforms) = postSolution
		{AF9D6C11-3BBE-406C-ACB5-AFFFD32D2C6A}.Debug|Any CPU.ActiveCfg = Debug|Any CPU
		{AF9D6C11-3BBE-406C-ACB5-AFFFD32D2C6A}.Debug|Any CPU.Build.0 = Debug|Any CPU
		{AF9D6C11-3BBE-406C-ACB5-AFFFD32D2C6A}.Release|Any CPU.ActiveCfg = Release|Any CPU
		{AF9D6C11-3BBE-406C-ACB5-AFFFD32D2C6A}.Release|Any CPU.Build.0 = Release|Any CPU
	EndGlobalSection
	GlobalSection(SolutionProperties) = preSolution
		HideSolutionNode = FALSE
	EndGlobalSection
	GlobalSection(ExtensibilityGlobals) = postSolution
		SolutionGuid = {40357314-A4F8-41EB-8B23-A8AD3461B135}
	EndGlobalSection
EndGlobal
