
Microsoft Visual Studio Solution File, Format Version 12.00
# Visual Studio Version 16
VisualStudioVersion = 16.0.30104.148
MinimumVisualStudioVersion = 10.0.40219.1
Project("{FAE04EC0-301F-11D3-BF4B-00C04F79EFBC}") = "DogBusinessApp", "DogBusinessApp\DogBusinessApp.csproj", "{65FCF17C-48BD-48C0-B076-A7E4DB771C29}"
EndProject
Project("{FAE04EC0-301F-11D3-BF4B-00C04F79EFBC}") = "DogBusinessDB", "DogBusinessDB\DogBusinessDB.csproj", "{4DAE3C84-7581-47CF-921A-344F47ECBC60}"
EndProject
Project("{FAE04EC0-301F-11D3-BF4B-00C04F79EFBC}") = "DogRepository", "DogRepository\DogRepository.csproj", "{4C65651D-199F-4799-A1FC-1F210FDBF89B}"
EndProject
Global
	GlobalSection(SolutionConfigurationPlatforms) = preSolution
		Debug|Any CPU = Debug|Any CPU
		Release|Any CPU = Release|Any CPU
	EndGlobalSection
	GlobalSection(ProjectConfigurationPlatforms) = postSolution
		{65FCF17C-48BD-48C0-B076-A7E4DB771C29}.Debug|Any CPU.ActiveCfg = Debug|Any CPU
		{65FCF17C-48BD-48C0-B076-A7E4DB771C29}.Debug|Any CPU.Build.0 = Debug|Any CPU
		{65FCF17C-48BD-48C0-B076-A7E4DB771C29}.Release|Any CPU.ActiveCfg = Release|Any CPU
		{65FCF17C-48BD-48C0-B076-A7E4DB771C29}.Release|Any CPU.Build.0 = Release|Any CPU
		{4DAE3C84-7581-47CF-921A-344F47ECBC60}.Debug|Any CPU.ActiveCfg = Debug|Any CPU
		{4DAE3C84-7581-47CF-921A-344F47ECBC60}.Debug|Any CPU.Build.0 = Debug|Any CPU
		{4DAE3C84-7581-47CF-921A-344F47ECBC60}.Release|Any CPU.ActiveCfg = Release|Any CPU
		{4DAE3C84-7581-47CF-921A-344F47ECBC60}.Release|Any CPU.Build.0 = Release|Any CPU
		{4C65651D-199F-4799-A1FC-1F210FDBF89B}.Debug|Any CPU.ActiveCfg = Debug|Any CPU
		{4C65651D-199F-4799-A1FC-1F210FDBF89B}.Debug|Any CPU.Build.0 = Debug|Any CPU
		{4C65651D-199F-4799-A1FC-1F210FDBF89B}.Release|Any CPU.ActiveCfg = Release|Any CPU
		{4C65651D-199F-4799-A1FC-1F210FDBF89B}.Release|Any CPU.Build.0 = Release|Any CPU
	EndGlobalSection
	GlobalSection(SolutionProperties) = preSolution
		HideSolutionNode = FALSE
	EndGlobalSection
	GlobalSection(ExtensibilityGlobals) = postSolution
		SolutionGuid = {0555A3A6-1ECA-45CF-AEA7-4B2D5F4105DB}
	EndGlobalSection
EndGlobal
